// !$*UTF8*$!
{
	archiveVersion = 1;
	classes = {
	};
	objectVersion = 46;
	objects = {

/* Begin PBXBuildFile section */
		3B57CA481CAD02B20042AA20 /* AppDelegate.swift in Sources */ = {isa = PBXBuildFile; fileRef = 3B57CA471CAD02B20042AA20 /* AppDelegate.swift */; };
		3B57CA4A1CAD02B20042AA20 /* ViewController.swift in Sources */ = {isa = PBXBuildFile; fileRef = 3B57CA491CAD02B20042AA20 /* ViewController.swift */; };
		3B57CA4D1CAD02B20042AA20 /* Main.storyboard in Resources */ = {isa = PBXBuildFile; fileRef = 3B57CA4B1CAD02B20042AA20 /* Main.storyboard */; };
		3B57CA501CAD02B20042AA20 /* PoemShow.xcdatamodeld in Sources */ = {isa = PBXBuildFile; fileRef = 3B57CA4E1CAD02B20042AA20 /* PoemShow.xcdatamodeld */; };
		3B57CA521CAD02B20042AA20 /* Assets.xcassets in Resources */ = {isa = PBXBuildFile; fileRef = 3B57CA511CAD02B20042AA20 /* Assets.xcassets */; };
		3B57CA551CAD02B20042AA20 /* LaunchScreen.storyboard in Resources */ = {isa = PBXBuildFile; fileRef = 3B57CA531CAD02B20042AA20 /* LaunchScreen.storyboard */; };
		3B57CA601CAD02B20042AA20 /* PoemShowTests.swift in Sources */ = {isa = PBXBuildFile; fileRef = 3B57CA5F1CAD02B20042AA20 /* PoemShowTests.swift */; };
		3B57CA6B1CAD02B20042AA20 /* PoemShowUITests.swift in Sources */ = {isa = PBXBuildFile; fileRef = 3B57CA6A1CAD02B20042AA20 /* PoemShowUITests.swift */; };
		3B57CA7B1CAD03AA0042AA20 /* PoemShow.swift in Sources */ = {isa = PBXBuildFile; fileRef = 3B57CA7A1CAD03AA0042AA20 /* PoemShow.swift */; };
		3BC3EF5D1CB016740048FAD1 /* HUAKANG.ttf in Resources */ = {isa = PBXBuildFile; fileRef = 3BC3EF5C1CB016740048FAD1 /* HUAKANG.ttf */; };
/* End PBXBuildFile section */

/* Begin PBXContainerItemProxy section */
		3B57CA5C1CAD02B20042AA20 /* PBXContainerItemProxy */ = {
			isa = PBXContainerItemProxy;
			containerPortal = 3B57CA3C1CAD02B20042AA20 /* Project object */;
			proxyType = 1;
			remoteGlobalIDString = 3B57CA431CAD02B20042AA20;
			remoteInfo = PoemShow;
		};
		3B57CA671CAD02B20042AA20 /* PBXContainerItemProxy */ = {
			isa = PBXContainerItemProxy;
			containerPortal = 3B57CA3C1CAD02B20042AA20 /* Project object */;
			proxyType = 1;
			remoteGlobalIDString = 3B57CA431CAD02B20042AA20;
			remoteInfo = PoemShow;
		};
/* End PBXContainerItemProxy section */

/* Begin PBXFileReference section */
		3B57CA441CAD02B20042AA20 /* PoemShow.app */ = {isa = PBXFileReference; explicitFileType = wrapper.application; includeInIndex = 0; path = PoemShow.app; sourceTree = BUILT_PRODUCTS_DIR; };
		3B57CA471CAD02B20042AA20 /* AppDelegate.swift */ = {isa = PBXFileReference; lastKnownFileType = sourcecode.swift; path = AppDelegate.swift; sourceTree = "<group>"; };
		3B57CA491CAD02B20042AA20 /* ViewController.swift */ = {isa = PBXFileReference; lastKnownFileType = sourcecode.swift; path = ViewController.swift; sourceTree = "<group>"; };
		3B57CA4C1CAD02B20042AA20 /* Base */ = {isa = PBXFileReference; lastKnownFileType = file.storyboard; name = Base; path = Base.lproj/Main.storyboard; sourceTree = "<group>"; };
		3B57CA4F1CAD02B20042AA20 /* PoemShow.xcdatamodel */ = {isa = PBXFileReference; lastKnownFileType = wrapper.xcdatamodel; path = PoemShow.xcdatamodel; sourceTree = "<group>"; };
		3B57CA511CAD02B20042AA20 /* Assets.xcassets */ = {isa = PBXFileReference; lastKnownFileType = folder.assetcatalog; path = Assets.xcassets; sourceTree = "<group>"; };
		3B57CA541CAD02B20042AA20 /* Base */ = {isa = PBXFileReference; lastKnownFileType = file.storyboard; name = Base; path = Base.lproj/LaunchScreen.storyboard; sourceTree = "<group>"; };
		3B57CA561CAD02B20042AA20 /* Info.plist */ = {isa = PBXFileReference; lastKnownFileType = text.plist.xml; path = Info.plist; sourceTree = "<group>"; };
		3B57CA5B1CAD02B20042AA20 /* PoemShowTests.xctest */ = {isa = PBXFileReference; explicitFileType = wrapper.cfbundle; includeInIndex = 0; path = PoemShowTests.xctest; sourceTree = BUILT_PRODUCTS_DIR; };
		3B57CA5F1CAD02B20042AA20 /* PoemShowTests.swift */ = {isa = PBXFileReference; lastKnownFileType = sourcecode.swift; path = PoemShowTests.swift; sourceTree = "<group>"; };
		3B57CA611CAD02B20042AA20 /* Info.plist */ = {isa = PBXFileReference; lastKnownFileType = text.plist.xml; path = Info.plist; sourceTree = "<group>"; };
		3B57CA661CAD02B20042AA20 /* PoemShowUITests.xctest */ = {isa = PBXFileReference; explicitFileType = wrapper.cfbundle; includeInIndex = 0; path = PoemShowUITests.xctest; sourceTree = BUILT_PRODUCTS_DIR; };
		3B57CA6A1CAD02B20042AA20 /* PoemShowUITests.swift */ = {isa = PBXFileReference; lastKnownFileType = sourcecode.swift; path = PoemShowUITests.swift; sourceTree = "<group>"; };
		3B57CA6C1CAD02B20042AA20 /* Info.plist */ = {isa = PBXFileReference; lastKnownFileType = text.plist.xml; path = Info.plist; sourceTree = "<group>"; };
		3B57CA7A1CAD03AA0042AA20 /* PoemShow.swift */ = {isa = PBXFileReference; fileEncoding = 4; lastKnownFileType = sourcecode.swift; path = PoemShow.swift; sourceTree = "<group>"; };
		3BC3EF5C1CB016740048FAD1 /* HUAKANG.ttf */ = {isa = PBXFileReference; lastKnownFileType = file; path = HUAKANG.ttf; sourceTree = "<group>"; };
		3BC3EF5F1CB01EF40048FAD1 /* MFTongXin_Noncommercial-Regular.ttf */ = {isa = PBXFileReference; lastKnownFileType = file; path = "MFTongXin_Noncommercial-Regular.ttf"; sourceTree = "<group>"; };
		3BC3EF601CB02AF20048FAD1 /* MFZhiHei_Noncommercial-Regular.ttf */ = {isa = PBXFileReference; lastKnownFileType = file; path = "MFZhiHei_Noncommercial-Regular.ttf"; sourceTree = "<group>"; };
/* End PBXFileReference section */

/* Begin PBXFrameworksBuildPhase section */
		3B57CA411CAD02B20042AA20 /* Frameworks */ = {
			isa = PBXFrameworksBuildPhase;
			buildActionMask = 2147483647;
			files = (
			);
			runOnlyForDeploymentPostprocessing = 0;
		};
		3B57CA581CAD02B20042AA20 /* Frameworks */ = {
			isa = PBXFrameworksBuildPhase;
			buildActionMask = 2147483647;
			files = (
			);
			runOnlyForDeploymentPostprocessing = 0;
		};
		3B57CA631CAD02B20042AA20 /* Frameworks */ = {
			isa = PBXFrameworksBuildPhase;
			buildActionMask = 2147483647;
			files = (
			);
			runOnlyForDeploymentPostprocessing = 0;
		};
/* End PBXFrameworksBuildPhase section */

/* Begin PBXGroup section */
		3B57CA3B1CAD02B20042AA20 = {
			isa = PBXGroup;
			children = (
				3B57CA461CAD02B20042AA20 /* PoemShow */,
				3B57CA5E1CAD02B20042AA20 /* PoemShowTests */,
				3B57CA691CAD02B20042AA20 /* PoemShowUITests */,
				3B57CA451CAD02B20042AA20 /* Products */,
			);
			sourceTree = "<group>";
		};
		3B57CA451CAD02B20042AA20 /* Products */ = {
			isa = PBXGroup;
			children = (
				3B57CA441CAD02B20042AA20 /* PoemShow.app */,
				3B57CA5B1CAD02B20042AA20 /* PoemShowTests.xctest */,
				3B57CA661CAD02B20042AA20 /* PoemShowUITests.xctest */,
			);
			name = Products;
			sourceTree = "<group>";
		};
		3B57CA461CAD02B20042AA20 /* PoemShow */ = {
			isa = PBXGroup;
			children = (
				3BC3EF591CB015E60048FAD1 /* Font */,
				3B57CA471CAD02B20042AA20 /* AppDelegate.swift */,
				3B57CA491CAD02B20042AA20 /* ViewController.swift */,
				3B57CA4B1CAD02B20042AA20 /* Main.storyboard */,
				3B57CA511CAD02B20042AA20 /* Assets.xcassets */,
				3B57CA531CAD02B20042AA20 /* LaunchScreen.storyboard */,
				3B57CA561CAD02B20042AA20 /* Info.plist */,
				3B57CA4E1CAD02B20042AA20 /* PoemShow.xcdatamodeld */,
				3B57CA7A1CAD03AA0042AA20 /* PoemShow.swift */,
			);
			path = PoemShow;
			sourceTree = "<group>";
		};
		3B57CA5E1CAD02B20042AA20 /* PoemShowTests */ = {
			isa = PBXGroup;
			children = (
				3B57CA5F1CAD02B20042AA20 /* PoemShowTests.swift */,
				3B57CA611CAD02B20042AA20 /* Info.plist */,
			);
			path = PoemShowTests;
			sourceTree = "<group>";
		};
		3B57CA691CAD02B20042AA20 /* PoemShowUITests */ = {
			isa = PBXGroup;
			children = (
				3B57CA6A1CAD02B20042AA20 /* PoemShowUITests.swift */,
				3B57CA6C1CAD02B20042AA20 /* Info.plist */,
			);
			path = PoemShowUITests;
			sourceTree = "<group>";
		};
		3BC3EF591CB015E60048FAD1 /* Font */ = {
			isa = PBXGroup;
			children = (
				3BC3EF5C1CB016740048FAD1 /* HUAKANG.ttf */,
				3BC3EF601CB02AF20048FAD1 /* MFZhiHei_Noncommercial-Regular.ttf */,
				3BC3EF5F1CB01EF40048FAD1 /* MFTongXin_Noncommercial-Regular.ttf */,
			);
			path = Font;
			sourceTree = "<group>";
		};
/* End PBXGroup section */

/* Begin PBXNativeTarget section */
		3B57CA431CAD02B20042AA20 /* PoemShow */ = {
			isa = PBXNativeTarget;
			buildConfigurationList = 3B57CA6F1CAD02B20042AA20 /* Build configuration list for PBXNativeTarget "PoemShow" */;
			buildPhases = (
				3B57CA401CAD02B20042AA20 /* Sources */,
				3B57CA411CAD02B20042AA20 /* Frameworks */,
				3B57CA421CAD02B20042AA20 /* Resources */,
			);
			buildRules = (
			);
			dependencies = (
			);
			name = PoemShow;
			productName = PoemShow;
			productReference = 3B57CA441CAD02B20042AA20 /* PoemShow.app */;
			productType = "com.apple.product-type.application";
		};
		3B57CA5A1CAD02B20042AA20 /* PoemShowTests */ = {
			isa = PBXNativeTarget;
			buildConfigurationList = 3B57CA721CAD02B20042AA20 /* Build configuration list for PBXNativeTarget "PoemShowTests" */;
			buildPhases = (
				3B57CA571CAD02B20042AA20 /* Sources */,
				3B57CA581CAD02B20042AA20 /* Frameworks */,
				3B57CA591CAD02B20042AA20 /* Resources */,
			);
			buildRules = (
			);
			dependencies = (
				3B57CA5D1CAD02B20042AA20 /* PBXTargetDependency */,
			);
			name = PoemShowTests;
			productName = PoemShowTests;
			productReference = 3B57CA5B1CAD02B20042AA20 /* PoemShowTests.xctest */;
			productType = "com.apple.product-type.bundle.unit-test";
		};
		3B57CA651CAD02B20042AA20 /* PoemShowUITests */ = {
			isa = PBXNativeTarget;
			buildConfigurationList = 3B57CA751CAD02B20042AA20 /* Build configuration list for PBXNativeTarget "PoemShowUITests" */;
			buildPhases = (
				3B57CA621CAD02B20042AA20 /* Sources */,
				3B57CA631CAD02B20042AA20 /* Frameworks */,
				3B57CA641CAD02B20042AA20 /* Resources */,
			);
			buildRules = (
			);
			dependencies = (
				3B57CA681CAD02B20042AA20 /* PBXTargetDependency */,
			);
			name = PoemShowUITests;
			productName = PoemShowUITests;
			productReference = 3B57CA661CAD02B20042AA20 /* PoemShowUITests.xctest */;
			productType = "com.apple.product-type.bundle.ui-testing";
		};
/* End PBXNativeTarget section */

/* Begin PBXProject section */
		3B57CA3C1CAD02B20042AA20 /* Project object */ = {
			isa = PBXProject;
			attributes = {
				LastSwiftUpdateCheck = 0730;
				LastUpgradeCheck = 0730;
				ORGANIZATIONNAME = Lois_pan;
				TargetAttributes = {
					3B57CA431CAD02B20042AA20 = {
						CreatedOnToolsVersion = 7.3;
					};
					3B57CA5A1CAD02B20042AA20 = {
						CreatedOnToolsVersion = 7.3;
						TestTargetID = 3B57CA431CAD02B20042AA20;
					};
					3B57CA651CAD02B20042AA20 = {
						CreatedOnToolsVersion = 7.3;
						TestTargetID = 3B57CA431CAD02B20042AA20;
					};
				};
			};
			buildConfigurationList = 3B57CA3F1CAD02B20042AA20 /* Build configuration list for PBXProject "PoemShow" */;
			compatibilityVersion = "Xcode 3.2";
			developmentRegion = English;
			hasScannedForEncodings = 0;
			knownRegions = (
				en,
				Base,
			);
			mainGroup = 3B57CA3B1CAD02B20042AA20;
			productRefGroup = 3B57CA451CAD02B20042AA20 /* Products */;
			projectDirPath = "";
			projectRoot = "";
			targets = (
				3B57CA431CAD02B20042AA20 /* PoemShow */,
				3B57CA5A1CAD02B20042AA20 /* PoemShowTests */,
				3B57CA651CAD02B20042AA20 /* PoemShowUITests */,
			);
		};
/* End PBXProject section */

/* Begin PBXResourcesBuildPhase section */
		3B57CA421CAD02B20042AA20 /* Resources */ = {
			isa = PBXResourcesBuildPhase;
			buildActionMask = 2147483647;
			files = (
				3B57CA551CAD02B20042AA20 /* LaunchScreen.storyboard in Resources */,
				3B57CA521CAD02B20042AA20 /* Assets.xcassets in Resources */,
				3BC3EF5D1CB016740048FAD1 /* HUAKANG.ttf in Resources */,
				3B57CA4D1CAD02B20042AA20 /* Main.storyboard in Resources */,
			);
			runOnlyForDeploymentPostprocessing = 0;
		};
		3B57CA591CAD02B20042AA20 /* Resources */ = {
			isa = PBXResourcesBuildPhase;
			buildActionMask = 2147483647;
			files = (
			);
			runOnlyForDeploymentPostprocessing = 0;
		};
		3B57CA641CAD02B20042AA20 /* Resources */ = {
			isa = PBXResourcesBuildPhase;
			buildActionMask = 2147483647;
			files = (
			);
			runOnlyForDeploymentPostprocessing = 0;
		};
/* End PBXResourcesBuildPhase section */

/* Begin PBXSourcesBuildPhase section */
		3B57CA401CAD02B20042AA20 /* Sources */ = {
			isa = PBXSourcesBuildPhase;
			buildActionMask = 2147483647;
			files = (
				3B57CA4A1CAD02B20042AA20 /* ViewController.swift in Sources */,
				3B57CA501CAD02B20042AA20 /* PoemShow.xcdatamodeld in Sources */,
				3B57CA7B1CAD03AA0042AA20 /* PoemShow.swift in Sources */,
				3B57CA481CAD02B20042AA20 /* AppDelegate.swift in Sources */,
			);
			runOnlyForDeploymentPostprocessing = 0;
		};
		3B57CA571CAD02B20042AA20 /* Sources */ = {
			isa = PBXSourcesBuildPhase;
			buildActionMask = 2147483647;
			files = (
				3B57CA601CAD02B20042AA20 /* PoemShowTests.swift in Sources */,
			);
			runOnlyForDeploymentPostprocessing = 0;
		};
		3B57CA621CAD02B20042AA20 /* Sources */ = {
			isa = PBXSourcesBuildPhase;
			buildActionMask = 2147483647;
			files = (
				3B57CA6B1CAD02B20042AA20 /* PoemShowUITests.swift in Sources */,
			);
			runOnlyForDeploymentPostprocessing = 0;
		};
/* End PBXSourcesBuildPhase section */

/* Begin PBXTargetDependency section */
		3B57CA5D1CAD02B20042AA20 /* PBXTargetDependency */ = {
			isa = PBXTargetDependency;
			target = 3B57CA431CAD02B20042AA20 /* PoemShow */;
			targetProxy = 3B57CA5C1CAD02B20042AA20 /* PBXContainerItemProxy */;
		};
		3B57CA681CAD02B20042AA20 /* PBXTargetDependency */ = {
			isa = PBXTargetDependency;
			target = 3B57CA431CAD02B20042AA20 /* PoemShow */;
			targetProxy = 3B57CA671CAD02B20042AA20 /* PBXContainerItemProxy */;
		};
/* End PBXTargetDependency section */

/* Begin PBXVariantGroup section */
		3B57CA4B1CAD02B20042AA20 /* Main.storyboard */ = {
			isa = PBXVariantGroup;
			children = (
				3B57CA4C1CAD02B20042AA20 /* Base */,
			);
			name = Main.storyboard;
			sourceTree = "<group>";
		};
		3B57CA531CAD02B20042AA20 /* LaunchScreen.storyboard */ = {
			isa = PBXVariantGroup;
			children = (
				3B57CA541CAD02B20042AA20 /* Base */,
			);
			name = LaunchScreen.storyboard;
			sourceTree = "<group>";
		};
/* End PBXVariantGroup section */

/* Begin XCBuildConfiguration section */
		3B57CA6D1CAD02B20042AA20 /* Debug */ = {
			isa = XCBuildConfiguration;
			buildSettings = {
				ALWAYS_SEARCH_USER_PATHS = NO;
				CLANG_ANALYZER_NONNULL = YES;
				CLANG_CXX_LANGUAGE_STANDARD = "gnu++0x";
				CLANG_CXX_LIBRARY = "libc++";
				CLANG_ENABLE_MODULES = YES;
				CLANG_ENABLE_OBJC_ARC = YES;
				CLANG_WARN_BOOL_CONVERSION = YES;
				CLANG_WARN_CONSTANT_CONVERSION = YES;
				CLANG_WARN_DIRECT_OBJC_ISA_USAGE = YES_ERROR;
				CLANG_WARN_EMPTY_BODY = YES;
				CLANG_WARN_ENUM_CONVERSION = YES;
				CLANG_WARN_INT_CONVERSION = YES;
				CLANG_WARN_OBJC_ROOT_CLASS = YES_ERROR;
				CLANG_WARN_UNREACHABLE_CODE = YES;
				CLANG_WARN__DUPLICATE_METHOD_MATCH = YES;
				"CODE_SIGN_IDENTITY[sdk=iphoneos*]" = "iPhone Developer";
				COPY_PHASE_STRIP = NO;
				DEBUG_INFORMATION_FORMAT = dwarf;
				ENABLE_STRICT_OBJC_MSGSEND = YES;
				ENABLE_TESTABILITY = YES;
				GCC_C_LANGUAGE_STANDARD = gnu99;
				GCC_DYNAMIC_NO_PIC = NO;
				GCC_NO_COMMON_BLOCKS = YES;
				GCC_OPTIMIZATION_LEVEL = 0;
				GCC_PREPROCESSOR_DEFINITIONS = (
					"DEBUG=1",
					"$(inherited)",
				);
				GCC_WARN_64_TO_32_BIT_CONVERSION = YES;
				GCC_WARN_ABOUT_RETURN_TYPE = YES_ERROR;
				GCC_WARN_UNDECLARED_SELECTOR = YES;
				GCC_WARN_UNINITIALIZED_AUTOS = YES_AGGRESSIVE;
				GCC_WARN_UNUSED_FUNCTION = YES;
				GCC_WARN_UNUSED_VARIABLE = YES;
				IPHONEOS_DEPLOYMENT_TARGET = 9.3;
				MTL_ENABLE_DEBUG_INFO = YES;
				ONLY_ACTIVE_ARCH = YES;
				SDKROOT = iphoneos;
				SWIFT_OPTIMIZATION_LEVEL = "-Onone";
				TARGETED_DEVICE_FAMILY = "1,2";
			};
			name = Debug;
		};
		3B57CA6E1CAD02B20042AA20 /* Release */ = {
			isa = XCBuildConfiguration;
			buildSettings = {
				ALWAYS_SEARCH_USER_PATHS = NO;
				CLANG_ANALYZER_NONNULL = YES;
				CLANG_CXX_LANGUAGE_STANDARD = "gnu++0x";
				CLANG_CXX_LIBRARY = "libc++";
				CLANG_ENABLE_MODULES = YES;
				CLANG_ENABLE_OBJC_ARC = YES;
				CLANG_WARN_BOOL_CONVERSION = YES;
				CLANG_WARN_CONSTANT_CONVERSION = YES;
				CLANG_WARN_DIRECT_OBJC_ISA_USAGE = YES_ERROR;
				CLANG_WARN_EMPTY_BODY = YES;
				CLANG_WARN_ENUM_CONVERSION = YES;
				CLANG_WARN_INT_CONVERSION = YES;
				CLANG_WARN_OBJC_ROOT_CLASS = YES_ERROR;
				CLANG_WARN_UNREACHABLE_CODE = YES;
				CLANG_WARN__DUPLICATE_METHOD_MATCH = YES;
				"CODE_SIGN_IDENTITY[sdk=iphoneos*]" = "iPhone Developer";
				COPY_PHASE_STRIP = NO;
				DEBUG_INFORMATION_FORMAT = "dwarf-with-dsym";
				ENABLE_NS_ASSERTIONS = NO;
				ENABLE_STRICT_OBJC_MSGSEND = YES;
				GCC_C_LANGUAGE_STANDARD = gnu99;
				GCC_NO_COMMON_BLOCKS = YES;
				GCC_WARN_64_TO_32_BIT_CONVERSION = YES;
				GCC_WARN_ABOUT_RETURN_TYPE = YES_ERROR;
				GCC_WARN_UNDECLARED_SELECTOR = YES;
				GCC_WARN_UNINITIALIZED_AUTOS = YES_AGGRESSIVE;
				GCC_WARN_UNUSED_FUNCTION = YES;
				GCC_WARN_UNUSED_VARIABLE = YES;
				IPHONEOS_DEPLOYMENT_TARGET = 9.3;
				MTL_ENABLE_DEBUG_INFO = NO;
				SDKROOT = iphoneos;
				TARGETED_DEVICE_FAMILY = "1,2";
				VALIDATE_PRODUCT = YES;
			};
			name = Release;
		};
		3B57CA701CAD02B20042AA20 /* Debug */ = {
			isa = XCBuildConfiguration;
			buildSettings = {
				ASSETCATALOG_COMPILER_APPICON_NAME = AppIcon;
				INFOPLIST_FILE = PoemShow/Info.plist;
				LD_RUNPATH_SEARCH_PATHS = "$(inherited) @executable_path/Frameworks";
				PRODUCT_BUNDLE_IDENTIFIER = wordoor.PoemShow;
				PRODUCT_NAME = "$(TARGET_NAME)";
			};
			name = Debug;
		};
		3B57CA711CAD02B20042AA20 /* Release */ = {
			isa = XCBuildConfiguration;
			buildSettings = {
				ASSETCATALOG_COMPILER_APPICON_NAME = AppIcon;
				INFOPLIST_FILE = PoemShow/Info.plist;
				LD_RUNPATH_SEARCH_PATHS = "$(inherited) @executable_path/Frameworks";
				PRODUCT_BUNDLE_IDENTIFIER = wordoor.PoemShow;
				PRODUCT_NAME = "$(TARGET_NAME)";
			};
			name = Release;
		};
		3B57CA731CAD02B20042AA20 /* Debug */ = {
			isa = XCBuildConfiguration;
			buildSettings = {
				BUNDLE_LOADER = "$(TEST_HOST)";
				INFOPLIST_FILE = PoemShowTests/Info.plist;
				LD_RUNPATH_SEARCH_PATHS = "$(inherited) @executable_path/Frameworks @loader_path/Frameworks";
				PRODUCT_BUNDLE_IDENTIFIER = wordoor.PoemShowTests;
				PRODUCT_NAME = "$(TARGET_NAME)";
				TEST_HOST = "$(BUILT_PRODUCTS_DIR)/PoemShow.app/PoemShow";
			};
			name = Debug;
		};
		3B57CA741CAD02B20042AA20 /* Release */ = {
			isa = XCBuildConfiguration;
			buildSettings = {
				BUNDLE_LOADER = "$(TEST_HOST)";
				INFOPLIST_FILE = PoemShowTests/Info.plist;
				LD_RUNPATH_SEARCH_PATHS = "$(inherited) @executable_path/Frameworks @loader_path/Frameworks";
				PRODUCT_BUNDLE_IDENTIFIER = wordoor.PoemShowTests;
				PRODUCT_NAME = "$(TARGET_NAME)";
				TEST_HOST = "$(BUILT_PRODUCTS_DIR)/PoemShow.app/PoemShow";
			};
			name = Release;
		};
		3B57CA761CAD02B20042AA20 /* Debug */ = {
			isa = XCBuildConfiguration;
			buildSettings = {
				INFOPLIST_FILE = PoemShowUITests/Info.plist;
				LD_RUNPATH_SEARCH_PATHS = "$(inherited) @executable_path/Frameworks @loader_path/Frameworks";
				PRODUCT_BUNDLE_IDENTIFIER = wordoor.PoemShowUITests;
				PRODUCT_NAME = "$(TARGET_NAME)";
				TEST_TARGET_NAME = PoemShow;
			};
			name = Debug;
		};
		3B57CA771CAD02B20042AA20 /* Release */ = {
			isa = XCBuildConfiguration;
			buildSettings = {
				INFOPLIST_FILE = PoemShowUITests/Info.plist;
				LD_RUNPATH_SEARCH_PATHS = "$(inherited) @executable_path/Frameworks @loader_path/Frameworks";
				PRODUCT_BUNDLE_IDENTIFIER = wordoor.PoemShowUITests;
				PRODUCT_NAME = "$(TARGET_NAME)";
				TEST_TARGET_NAME = PoemShow;
			};
			name = Release;
		};
/* End XCBuildConfiguration section */

/* Begin XCConfigurationList section */
		3B57CA3F1CAD02B20042AA20 /* Build configuration list for PBXProject "PoemShow" */ = {
			isa = XCConfigurationList;
			buildConfigurations = (
				3B57CA6D1CAD02B20042AA20 /* Debug */,
				3B57CA6E1CAD02B20042AA20 /* Release */,
			);
			defaultConfigurationIsVisible = 0;
			defaultConfigurationName = Release;
		};
		3B57CA6F1CAD02B20042AA20 /* Build configuration list for PBXNativeTarget "PoemShow" */ = {
			isa = XCConfigurationList;
			buildConfigurations = (
				3B57CA701CAD02B20042AA20 /* Debug */,
				3B57CA711CAD02B20042AA20 /* Release */,
			);
			defaultConfigurationIsVisible = 0;
			defaultConfigurationName = Release;
		};
		3B57CA721CAD02B20042AA20 /* Build configuration list for PBXNativeTarget "PoemShowTests" */ = {
			isa = XCConfigurationList;
			buildConfigurations = (
				3B57CA731CAD02B20042AA20 /* Debug */,
				3B57CA741CAD02B20042AA20 /* Release */,
			);
			defaultConfigurationIsVisible = 0;
			defaultConfigurationName = Release;
		};
		3B57CA751CAD02B20042AA20 /* Build configuration list for PBXNativeTarget "PoemShowUITests" */ = {
			isa = XCConfigurationList;
			buildConfigurations = (
				3B57CA761CAD02B20042AA20 /* Debug */,
				3B57CA771CAD02B20042AA20 /* Release */,
			);
			defaultConfigurationIsVisible = 0;
			defaultConfigurationName = Release;
		};
/* End XCConfigurationList section */

/* Begin XCVersionGroup section */
		3B57CA4E1CAD02B20042AA20 /* PoemShow.xcdatamodeld */ = {
			isa = XCVersionGroup;
			children = (
				3B57CA4F1CAD02B20042AA20 /* PoemShow.xcdatamodel */,
			);
			currentVersion = 3B57CA4F1CAD02B20042AA20 /* PoemShow.xcdatamodel */;
			path = PoemShow.xcdatamodeld;
			sourceTree = "<group>";
			versionGroupType = wrapper.xcdatamodel;
		};
/* End XCVersionGroup section */
	};
	rootObject = 3B57CA3C1CAD02B20042AA20 /* Project object */;
}
